
Microsoft Visual Studio Solution File, Format Version 12.00
# Visual Studio Version 17
VisualStudioVersion = 17.0.31903.59
MinimumVisualStudioVersion = 10.0.40219.1
Project("{FAE04EC0-301F-11D3-BF4B-00C04F79EFBC}") = "HLSLDebugger", "HLSLDebugger\HLSLDebugger.csproj", "{41FABF03-5F2B-41E9-B88E-8EC01FB59800}"
EndProject
Project("{FAE04EC0-301F-11D3-BF4B-00C04F79EFBC}") = "HLSLDebugger.Web", "HLSLDebugger.Web\HLSLDebugger.Web.csproj", "{7DB03509-51F8-4208-A1A2-F978CEBBB4F5}"
EndProject
Project("{FAE04EC0-301F-11D3-BF4B-00C04F79EFBC}") = "HLSLDebugger.Desktop", "HLSLDebugger.Desktop\HLSLDebugger.Desktop.csproj", "{E11C0F70-6B4C-46C0-BBD6-916AD2D21DEB}"
EndProject
Project("{2150E333-8FDC-42A3-9474-1A3956D46DE8}") = "HLSLInterpreter", "HLSLInterpreter", "{75CC6DB2-DA3B-3CF9-3849-8EF9C1970838}"
EndProject
Project("{FAE04EC0-301F-11D3-BF4B-00C04F79EFBC}") = "HLSLInterpreter", "HLSLInterpreter\HLSLInterpreter\HLSLInterpreter.csproj", "{D1EDCB30-F217-4C62-A6F3-302B051BB385}"
EndProject
Project("{FAE04EC0-301F-11D3-BF4B-00C04F79EFBC}") = "UnityShaderParser", "HLSLInterpreter\UnityShaderParser\UnityShaderParser\UnityShaderParser.csproj", "{69578FF8-C78E-4F60-83A4-280E728A7ADB}"
EndProject
Global
	GlobalSection(SolutionConfigurationPlatforms) = preSolution
		Debug|Any CPU = Debug|Any CPU
		Debug|x64 = Debug|x64
		Debug|x86 = Debug|x86
		Release|Any CPU = Release|Any CPU
		Release|x64 = Release|x64
		Release|x86 = Release|x86
	EndGlobalSection
	GlobalSection(ProjectConfigurationPlatforms) = postSolution
		{41FABF03-5F2B-41E9-B88E-8EC01FB59800}.Debug|Any CPU.ActiveCfg = Debug|Any CPU
		{41FABF03-5F2B-41E9-B88E-8EC01FB59800}.Debug|Any CPU.Build.0 = Debug|Any CPU
		{41FABF03-5F2B-41E9-B88E-8EC01FB59800}.Debug|x64.ActiveCfg = Debug|Any CPU
		{41FABF03-5F2B-41E9-B88E-8EC01FB59800}.Debug|x64.Build.0 = Debug|Any CPU
		{41FABF03-5F2B-41E9-B88E-8EC01FB59800}.Debug|x86.ActiveCfg = Debug|Any CPU
		{41FABF03-5F2B-41E9-B88E-8EC01FB59800}.Debug|x86.Build.0 = Debug|Any CPU
		{41FABF03-5F2B-41E9-B88E-8EC01FB59800}.Release|Any CPU.ActiveCfg = Release|Any CPU
		{41FABF03-5F2B-41E9-B88E-8EC01FB59800}.Release|Any CPU.Build.0 = Release|Any CPU
		{41FABF03-5F2B-41E9-B88E-8EC01FB59800}.Release|x64.ActiveCfg = Release|Any CPU
		{41FABF03-5F2B-41E9-B88E-8EC01FB59800}.Release|x64.Build.0 = Release|Any CPU
		{41FABF03-5F2B-41E9-B88E-8EC01FB59800}.Release|x86.ActiveCfg = Release|Any CPU
		{41FABF03-5F2B-41E9-B88E-8EC01FB59800}.Release|x86.Build.0 = Release|Any CPU
		{7DB03509-51F8-4208-A1A2-F978CEBBB4F5}.Debug|Any CPU.ActiveCfg = Debug|Any CPU
		{7DB03509-51F8-4208-A1A2-F978CEBBB4F5}.Debug|Any CPU.Build.0 = Debug|Any CPU
		{7DB03509-51F8-4208-A1A2-F978CEBBB4F5}.Debug|x64.ActiveCfg = Debug|Any CPU
		{7DB03509-51F8-4208-A1A2-F978CEBBB4F5}.Debug|x64.Build.0 = Debug|Any CPU
		{7DB03509-51F8-4208-A1A2-F978CEBBB4F5}.Debug|x86.ActiveCfg = Debug|Any CPU
		{7DB03509-51F8-4208-A1A2-F978CEBBB4F5}.Debug|x86.Build.0 = Debug|Any CPU
		{7DB03509-51F8-4208-A1A2-F978CEBBB4F5}.Release|Any CPU.ActiveCfg = Release|Any CPU
		{7DB03509-51F8-4208-A1A2-F978CEBBB4F5}.Release|Any CPU.Build.0 = Release|Any CPU
		{7DB03509-51F8-4208-A1A2-F978CEBBB4F5}.Release|x64.ActiveCfg = Release|Any CPU
		{7DB03509-51F8-4208-A1A2-F978CEBBB4F5}.Release|x64.Build.0 = Release|Any CPU
		{7DB03509-51F8-4208-A1A2-F978CEBBB4F5}.Release|x86.ActiveCfg = Release|Any CPU
		{7DB03509-51F8-4208-A1A2-F978CEBBB4F5}.Release|x86.Build.0 = Release|Any CPU
		{E11C0F70-6B4C-46C0-BBD6-916AD2D21DEB}.Debug|Any CPU.ActiveCfg = Debug|Any CPU
		{E11C0F70-6B4C-46C0-BBD6-916AD2D21DEB}.Debug|Any CPU.Build.0 = Debug|Any CPU
		{E11C0F70-6B4C-46C0-BBD6-916AD2D21DEB}.Debug|x64.ActiveCfg = Debug|Any CPU
		{E11C0F70-6B4C-46C0-BBD6-916AD2D21DEB}.Debug|x64.Build.0 = Debug|Any CPU
		{E11C0F70-6B4C-46C0-BBD6-916AD2D21DEB}.Debug|x86.ActiveCfg = Debug|Any CPU
		{E11C0F70-6B4C-46C0-BBD6-916AD2D21DEB}.Debug|x86.Build.0 = Debug|Any CPU
		{E11C0F70-6B4C-46C0-BBD6-916AD2D21DEB}.Release|Any CPU.ActiveCfg = Release|Any CPU
		{E11C0F70-6B4C-46C0-BBD6-916AD2D21DEB}.Release|Any CPU.Build.0 = Release|Any CPU
		{E11C0F70-6B4C-46C0-BBD6-916AD2D21DEB}.Release|x64.ActiveCfg = Release|Any CPU
		{E11C0F70-6B4C-46C0-BBD6-916AD2D21DEB}.Release|x64.Build.0 = Release|Any CPU
		{E11C0F70-6B4C-46C0-BBD6-916AD2D21DEB}.Release|x86.ActiveCfg = Release|Any CPU
		{E11C0F70-6B4C-46C0-BBD6-916AD2D21DEB}.Release|x86.Build.0 = Release|Any CPU
		{D1EDCB30-F217-4C62-A6F3-302B051BB385}.Debug|Any CPU.ActiveCfg = Debug|Any CPU
		{D1EDCB30-F217-4C62-A6F3-302B051BB385}.Debug|Any CPU.Build.0 = Debug|Any CPU
		{D1EDCB30-F217-4C62-A6F3-302B051BB385}.Debug|x64.ActiveCfg = Debug|Any CPU
		{D1EDCB30-F217-4C62-A6F3-302B051BB385}.Debug|x64.Build.0 = Debug|Any CPU
		{D1EDCB30-F217-4C62-A6F3-302B051BB385}.Debug|x86.ActiveCfg = Debug|Any CPU
		{D1EDCB30-F217-4C62-A6F3-302B051BB385}.Debug|x86.Build.0 = Debug|Any CPU
		{D1EDCB30-F217-4C62-A6F3-302B051BB385}.Release|Any CPU.ActiveCfg = Release|Any CPU
		{D1EDCB30-F217-4C62-A6F3-302B051BB385}.Release|Any CPU.Build.0 = Release|Any CPU
		{D1EDCB30-F217-4C62-A6F3-302B051BB385}.Release|x64.ActiveCfg = Release|Any CPU
		{D1EDCB30-F217-4C62-A6F3-302B051BB385}.Release|x64.Build.0 = Release|Any CPU
		{D1EDCB30-F217-4C62-A6F3-302B051BB385}.Release|x86.ActiveCfg = Release|Any CPU
		{D1EDCB30-F217-4C62-A6F3-302B051BB385}.Release|x86.Build.0 = Release|Any CPU
		{69578FF8-C78E-4F60-83A4-280E728A7ADB}.Debug|Any CPU.ActiveCfg = Debug|Any CPU
		{69578FF8-C78E-4F60-83A4-280E728A7ADB}.Debug|Any CPU.Build.0 = Debug|Any CPU
		{69578FF8-C78E-4F60-83A4-280E728A7ADB}.Debug|x64.ActiveCfg = Debug|Any CPU
		{69578FF8-C78E-4F60-83A4-280E728A7ADB}.Debug|x64.Build.0 = Debug|Any CPU
		{69578FF8-C78E-4F60-83A4-280E728A7ADB}.Debug|x86.ActiveCfg = Debug|Any CPU
		{69578FF8-C78E-4F60-83A4-280E728A7ADB}.Debug|x86.Build.0 = Debug|Any CPU
		{69578FF8-C78E-4F60-83A4-280E728A7ADB}.Release|Any CPU.ActiveCfg = Release|Any CPU
		{69578FF8-C78E-4F60-83A4-280E728A7ADB}.Release|Any CPU.Build.0 = Release|Any CPU
		{69578FF8-C78E-4F60-83A4-280E728A7ADB}.Release|x64.ActiveCfg = Release|Any CPU
		{69578FF8-C78E-4F60-83A4-280E728A7ADB}.Release|x64.Build.0 = Release|Any CPU
		{69578FF8-C78E-4F60-83A4-280E728A7ADB}.Release|x86.ActiveCfg = Release|Any CPU
		{69578FF8-C78E-4F60-83A4-280E728A7ADB}.Release|x86.Build.0 = Release|Any CPU
	EndGlobalSection
	GlobalSection(SolutionProperties) = preSolution
		HideSolutionNode = FALSE
	EndGlobalSection
	GlobalSection(NestedProjects) = preSolution
		{D1EDCB30-F217-4C62-A6F3-302B051BB385} = {75CC6DB2-DA3B-3CF9-3849-8EF9C1970838}
		{69578FF8-C78E-4F60-83A4-280E728A7ADB} = {75CC6DB2-DA3B-3CF9-3849-8EF9C1970838}
	EndGlobalSection
EndGlobal
